
Microsoft Visual Studio Solution File, Format Version 12.00
# Visual Studio Version 17
VisualStudioVersion = 17.2.32519.379
MinimumVisualStudioVersion = 10.0.40219.1
Project("{FAE04EC0-301F-11D3-BF4B-00C04F79EFBC}") = "Lab3_tests", "Lab3_tests\Lab3_tests.csproj", "{CDAE60CD-E9E9-4DF0-8052-69E4F357C863}"
EndProject
Global
	GlobalSection(SolutionConfigurationPlatforms) = preSolution
		Debug|Any CPU = Debug|Any CPU
		Release|Any CPU = Release|Any CPU
	EndGlobalSection
	GlobalSection(ProjectConfigurationPlatforms) = postSolution
		{CDAE60CD-E9E9-4DF0-8052-69E4F357C863}.Debug|Any CPU.ActiveCfg = Debug|Any CPU
		{CDAE60CD-E9E9-4DF0-8052-69E4F357C863}.Debug|Any CPU.Build.0 = Debug|Any CPU
		{CDAE60CD-E9E9-4DF0-8052-69E4F357C863}.Release|Any CPU.ActiveCfg = Release|Any CPU
		{CDAE60CD-E9E9-4DF0-8052-69E4F357C863}.Release|Any CPU.Build.0 = Release|Any CPU
	EndGlobalSection
	GlobalSection(SolutionProperties) = preSolution
		HideSolutionNode = FALSE
	EndGlobalSection
	GlobalSection(ExtensibilityGlobals) = postSolution
		SolutionGuid = {A2646CE3-1E54-4E6A-8097-FE3D3A0D46E3}
	EndGlobalSection
EndGlobal
